
Microsoft Visual Studio Solution File, Format Version 12.00
# Visual Studio Version 17
VisualStudioVersion = 17.14.36109.1
MinimumVisualStudioVersion = 10.0.40219.1
Project("{FAE04EC0-301F-11D3-BF4B-00C04F79EFBC}") = "TCP Client", "TCP Client\TCP Client.csproj", "{294341FC-BB3E-499D-82FE-599E6C1BF330}"
EndProject
Project("{FAE04EC0-301F-11D3-BF4B-00C04F79EFBC}") = "TCP Server", "TCP Server\TCP Server.csproj", "{20DBC2C8-DEA8-4781-A3A8-8ABA409AE793}"
EndProject
Global
	GlobalSection(SolutionConfigurationPlatforms) = preSolution
		Debug|Any CPU = Debug|Any CPU
		Release|Any CPU = Release|Any CPU
	EndGlobalSection
	GlobalSection(ProjectConfigurationPlatforms) = postSolution
		{294341FC-BB3E-499D-82FE-599E6C1BF330}.Debug|Any CPU.ActiveCfg = Debug|Any CPU
		{294341FC-BB3E-499D-82FE-599E6C1BF330}.Debug|Any CPU.Build.0 = Debug|Any CPU
		{294341FC-BB3E-499D-82FE-599E6C1BF330}.Release|Any CPU.ActiveCfg = Release|Any CPU
		{294341FC-BB3E-499D-82FE-599E6C1BF330}.Release|Any CPU.Build.0 = Release|Any CPU
		{20DBC2C8-DEA8-4781-A3A8-8ABA409AE793}.Debug|Any CPU.ActiveCfg = Debug|Any CPU
		{20DBC2C8-DEA8-4781-A3A8-8ABA409AE793}.Debug|Any CPU.Build.0 = Debug|Any CPU
		{20DBC2C8-DEA8-4781-A3A8-8ABA409AE793}.Release|Any CPU.ActiveCfg = Release|Any CPU
		{20DBC2C8-DEA8-4781-A3A8-8ABA409AE793}.Release|Any CPU.Build.0 = Release|Any CPU
	EndGlobalSection
	GlobalSection(SolutionProperties) = preSolution
		HideSolutionNode = FALSE
	EndGlobalSection
	GlobalSection(ExtensibilityGlobals) = postSolution
		SolutionGuid = {2BFF37A3-B515-4A4A-B3BC-6638ABD5BE34}
	EndGlobalSection
EndGlobal
