
Microsoft Visual Studio Solution File, Format Version 12.00
# Visual Studio Version 17
VisualStudioVersion = 17.9.34616.47
MinimumVisualStudioVersion = 10.0.40219.1
Project("{FAE04EC0-301F-11D3-BF4B-00C04F79EFBC}") = "DistributionServer", "DistributionServer\DistributionServer.csproj", "{BDD579AC-E3C0-4128-9F74-E3F13BCAC906}"
EndProject
Global
	GlobalSection(SolutionConfigurationPlatforms) = preSolution
		Debug|Any CPU = Debug|Any CPU
		Release|Any CPU = Release|Any CPU
	EndGlobalSection
	GlobalSection(ProjectConfigurationPlatforms) = postSolution
		{BDD579AC-E3C0-4128-9F74-E3F13BCAC906}.Debug|Any CPU.ActiveCfg = Debug|Any CPU
		{BDD579AC-E3C0-4128-9F74-E3F13BCAC906}.Debug|Any CPU.Build.0 = Debug|Any CPU
		{BDD579AC-E3C0-4128-9F74-E3F13BCAC906}.Release|Any CPU.ActiveCfg = Release|Any CPU
		{BDD579AC-E3C0-4128-9F74-E3F13BCAC906}.Release|Any CPU.Build.0 = Release|Any CPU
	EndGlobalSection
	GlobalSection(SolutionProperties) = preSolution
		HideSolutionNode = FALSE
	EndGlobalSection
	GlobalSection(ExtensibilityGlobals) = postSolution
		SolutionGuid = {11DEAD23-1B0C-43DB-B1EB-9D62605A4985}
	EndGlobalSection
EndGlobal
